
Microsoft Visual Studio Solution File, Format Version 12.00
# Visual Studio Version 17
VisualStudioVersion = 17.14.35821.62 d17.14
MinimumVisualStudioVersion = 10.0.40219.1
Project("{FAE04EC0-301F-11D3-BF4B-00C04F79EFBC}") = "SystemBank", "SystemBank\SystemBank.csproj", "{8093A7FB-97DC-4F85-8FAA-3209EC17BAED}"
EndProject
Global
	GlobalSection(SolutionConfigurationPlatforms) = preSolution
		Debug|Any CPU = Debug|Any CPU
		Release|Any CPU = Release|Any CPU
	EndGlobalSection
	GlobalSection(ProjectConfigurationPlatforms) = postSolution
		{8093A7FB-97DC-4F85-8FAA-3209EC17BAED}.Debug|Any CPU.ActiveCfg = Debug|Any CPU
		{8093A7FB-97DC-4F85-8FAA-3209EC17BAED}.Debug|Any CPU.Build.0 = Debug|Any CPU
		{8093A7FB-97DC-4F85-8FAA-3209EC17BAED}.Release|Any CPU.ActiveCfg = Release|Any CPU
		{8093A7FB-97DC-4F85-8FAA-3209EC17BAED}.Release|Any CPU.Build.0 = Release|Any CPU
	EndGlobalSection
	GlobalSection(SolutionProperties) = preSolution
		HideSolutionNode = FALSE
	EndGlobalSection
	GlobalSection(ExtensibilityGlobals) = postSolution
		SolutionGuid = {37697CD1-B0DC-481D-BC8B-7E034731070D}
	EndGlobalSection
EndGlobal
